
Microsoft Visual Studio Solution File, Format Version 12.00
# Visual Studio Version 16
VisualStudioVersion = 16.0.29021.104
MinimumVisualStudioVersion = 10.0.40219.1
Project("{FAE04EC0-301F-11D3-BF4B-00C04F79EFBC}") = "ImageClassificationApp", "ImageClassificationApp\ImageClassificationApp.csproj", "{EAA69147-1358-4186-B319-FA77314F154F}"
EndProject
Global
	GlobalSection(SolutionConfigurationPlatforms) = preSolution
		Debug|Any CPU = Debug|Any CPU
		Release|Any CPU = Release|Any CPU
	EndGlobalSection
	GlobalSection(ProjectConfigurationPlatforms) = postSolution
		{EAA69147-1358-4186-B319-FA77314F154F}.Debug|Any CPU.ActiveCfg = Debug|Any CPU
		{EAA69147-1358-4186-B319-FA77314F154F}.Debug|Any CPU.Build.0 = Debug|Any CPU
		{EAA69147-1358-4186-B319-FA77314F154F}.Release|Any CPU.ActiveCfg = Release|Any CPU
		{EAA69147-1358-4186-B319-FA77314F154F}.Release|Any CPU.Build.0 = Release|Any CPU
	EndGlobalSection
	GlobalSection(SolutionProperties) = preSolution
		HideSolutionNode = FALSE
	EndGlobalSection
	GlobalSection(ExtensibilityGlobals) = postSolution
		SolutionGuid = {196DEBEE-FE9D-4311-ADB3-5E0F987512C8}
	EndGlobalSection
EndGlobal
